# This file is generated by running "yarn install" inside your project.
# Manual changes might be lost - proceed with caution!

__metadata:
  version: 4
  cacheKey: 5

"@babel/code-frame@npm:^7.0.0":
  version: 7.10.4
  resolution: "@babel/code-frame@npm:7.10.4"
  dependencies:
    "@babel/highlight": ^7.10.4
  checksum: 05245d3b22a3ae849439195c4ee9ce9903dfd8c3fcb5124e77923c45e9f1ceac971cce4c61505974f411a9db432949531abe10ddee92937a0a9c306dc380a5b2
  languageName: node
  linkType: hard

"@babel/helper-validator-identifier@npm:^7.10.4":
  version: 7.10.4
  resolution: "@babel/helper-validator-identifier@npm:7.10.4"
  checksum: 25098ef842e3ffecdd9a7216f6173da7ad7be1b0b3e454a9f6965055154b9ad7a4acd2f218ba3d2efc0821bdab97837b3cb815844af7d72f66f89d446a54efc6
  languageName: node
  linkType: hard

"@babel/highlight@npm:^7.10.4":
  version: 7.10.4
  resolution: "@babel/highlight@npm:7.10.4"
  dependencies:
    "@babel/helper-validator-identifier": ^7.10.4
    chalk: ^2.0.0
    js-tokens: ^4.0.0
  checksum: c167b938af9797e7630dd922398ceb1a079469085b9c0a7274f093f9f2b1ef9f0a5efec89592e81cbab7c87a537d32c238cea97d288b7af9a0d26b2bceb7a439
  languageName: node
  linkType: hard

"@pinata/sdk@npm:^1.1.10":
  version: 1.1.10
  resolution: "@pinata/sdk@npm:1.1.10"
  dependencies:
    axios: ^0.18.1
    base-path-converter: ^1.0.2
    form-data: ^2.3.3
    is-ipfs: ^0.6.0
    recursive-fs: ^1.1.2
  checksum: 6fe4f1d9614bbd508595c63c0104d6475596c5fd404b46c66a194fa860b5c26afb1e8cc0fa7c584a225489628eeddac8e5978bc73be930ce29e8e8945b52ff87
  languageName: node
  linkType: hard

"@sindresorhus/is@npm:^3.0.0":
  version: 3.0.0
  resolution: "@sindresorhus/is@npm:3.0.0"
  checksum: 77cdb085422e8bf44783441a7bafff16b456123084447e2cc1aebbb9958b95469a82fec71b185457b9ddf1caf6c2d098a16e4ffed74f283411724277223d9475
  languageName: node
  linkType: hard

"@szmarczak/http-timer@npm:^4.0.5":
  version: 4.0.5
  resolution: "@szmarczak/http-timer@npm:4.0.5"
  dependencies:
    defer-to-connect: ^2.0.0
  checksum: 13d8f71dbd792b620b2cd13d72d086ef031ebefd5263a9db2f34693a32e4d90920fa1d7075cd59bf0c9810b2b1b93ad36d89fc88aba4cd3b8022df7ecc5ffdec
  languageName: node
  linkType: hard

"@types/cacheable-request@npm:^6.0.1":
  version: 6.0.1
  resolution: "@types/cacheable-request@npm:6.0.1"
  dependencies:
    "@types/http-cache-semantics": "*"
    "@types/keyv": "*"
    "@types/node": "*"
    "@types/responselike": "*"
  checksum: 3dae802a0808573986c56b92bf16cd031a5b648b6c893d20c7ef6bfda3fc72a2107c7978697d2b27b14febc597162d6959985eeb5befc307a9f9f3c5081d4905
  languageName: node
  linkType: hard

"@types/http-cache-semantics@npm:*":
  version: 4.0.0
  resolution: "@types/http-cache-semantics@npm:4.0.0"
  checksum: e16fae56d4daea4ed678b4d5918b693b44ca12fb5e479b87d242d3a35bf3a014974dcf9ed7aba7e29149fdb6c3719f9987fca51b20ef10aa84b58f86553c2f74
  languageName: node
  linkType: hard

"@types/keyv@npm:*":
  version: 3.1.1
  resolution: "@types/keyv@npm:3.1.1"
  dependencies:
    "@types/node": "*"
  checksum: 3aaf557d5b82e733d5a17b7f55af5d6be953363c3a594f006d64265790fe87c301c6e1400c0b6b1cf72add50a0ceddc25afb8231ab8302a2e5b6ebfbfac30e5d
  languageName: node
  linkType: hard

"@types/minimist@npm:^1.2.0":
  version: 1.2.0
  resolution: "@types/minimist@npm:1.2.0"
  checksum: 098945c2c29df019cae250dfe614e50dab8120f4e359bd034190f931a63a23f3058764eec0d8cea3757eedd5b308ed28e4357ece9510a99380da08762f5f6635
  languageName: node
  linkType: hard

"@types/node@npm:*":
  version: 14.0.24
  resolution: "@types/node@npm:14.0.24"
  checksum: b10d6b56faeb7fdf2d2527d7aa685b472adaf810612903d667e364eb53a1ffd2ee0e74f25ab135375c7c3f77400cf05a569d7b8d5eee51cbf7b2f748ec86383d
  languageName: node
  linkType: hard

"@types/normalize-package-data@npm:^2.4.0":
  version: 2.4.0
  resolution: "@types/normalize-package-data@npm:2.4.0"
  checksum: 6d077e73be7ac6227b678829c7bd765607136cdef537fd4ee7f368d9302a651aea924254d69826663322048436d90d6e7c679c9aa99c4824a687c568aab8ce4f
  languageName: node
  linkType: hard

"@types/responselike@npm:*, @types/responselike@npm:^1.0.0":
  version: 1.0.0
  resolution: "@types/responselike@npm:1.0.0"
  dependencies:
    "@types/node": "*"
  checksum: e6e6613c800aeda63e2331e753e8d21df1a2c9aa7a4bc71ed792a848e4811fc96e609759089355314a2318c76eff1f161499cd242044838ab1e6f56e463ebb9c
  languageName: node
  linkType: hard

"ansi-styles@npm:^3.2.1":
  version: 3.2.1
  resolution: "ansi-styles@npm:3.2.1"
  dependencies:
    color-convert: ^1.9.0
  checksum: 456e1c23d9277512a47718da75e7fbb0a5ee215ef893c2f76d6b3efe8fceabc861121b80b0362146f5f995d21a1633f05a19bbf6283ae66ac11dc3b9c0bed779
  languageName: node
  linkType: hard

"arrify@npm:^1.0.1":
  version: 1.0.1
  resolution: "arrify@npm:1.0.1"
  checksum: f1d3bae819f49f51a09da5f5c5ce282e79ca69bbdb32db1d9f6c62b151ef801b74398d007cfe89686e2c5aeb62576a398b9068e5172b7f4e20157aa3284076d3
  languageName: node
  linkType: hard

"arrify@npm:^2.0.1":
  version: 2.0.1
  resolution: "arrify@npm:2.0.1"
  checksum: 2a19726815590d829e07998aefa2c352bd9061e58bf4391ffffa227129995841a710bef2d8b4c9408a6b0679d96c96bd23764bdbcc29bb21666c976816093972
  languageName: node
  linkType: hard

"asynckit@npm:^0.4.0":
  version: 0.4.0
  resolution: "asynckit@npm:0.4.0"
  checksum: a024000b9ddd938e2f27b3cb8188f96a5e1fff58185e98b84862fc4e01de279a547874a800340c2b106bb9de9b0fc61c6c683bc6892abf65e6be29a96addafd3
  languageName: node
  linkType: hard

"axios@npm:^0.18.1":
  version: 0.18.1
  resolution: "axios@npm:0.18.1"
  dependencies:
    follow-redirects: 1.5.10
    is-buffer: ^2.0.2
  checksum: 6188a1b815733c1b6118eddc70d931caea7f867ca77ade8205e49cd6e457b837460cc4e325e19c66a81190a170fde5b76480878366b3743131977da76d571bec
  languageName: node
  linkType: hard

"base-path-converter@npm:^1.0.2":
  version: 1.0.2
  resolution: "base-path-converter@npm:1.0.2"
  checksum: 66567fbd0c98fbb30724b09ed306a7dab80fcc9128625c005b08e592c977429a73ec8b412802ced5d458414ae5cb409034e48c62125d2b67d535bc73c59c0808
  languageName: node
  linkType: hard

"base-x@npm:^3.0.2, base-x@npm:^3.0.8":
  version: 3.0.8
  resolution: "base-x@npm:3.0.8"
  dependencies:
    safe-buffer: ^5.0.1
  checksum: 9e5832ab00f4413d63f8227901c18b2a9db5f379525f70b627e6e284007dc5e7940a765ef4ab03974b4c14a664153208758656ebb86979451d1995d13e3fa29b
  languageName: node
  linkType: hard

"base64-js@npm:^1.0.2":
  version: 1.3.1
  resolution: "base64-js@npm:1.3.1"
  checksum: 8a0cc69d7c7c0ab75c164d3e2eccc3dd65fbaba17bcf440aab54636afd31255287ac3cd16a111e98d741c4a6e0b5631774b0c32818355089e645df3ae96a49bb
  languageName: node
  linkType: hard

"bs58@npm:^4.0.1":
  version: 4.0.1
  resolution: "bs58@npm:4.0.1"
  dependencies:
    base-x: ^3.0.2
  checksum: 0da897a0e527b31ec0fd7ce4d84a86278196acb4fa4f5010dce38a7b83b8b0bbe26909843878c2aa32bdbe00b93a68408d42c74a1cfaa05ca64f29bd5dff4187
  languageName: node
  linkType: hard

"buffer@npm:^5.5.0, buffer@npm:^5.6.0":
  version: 5.6.0
  resolution: "buffer@npm:5.6.0"
  dependencies:
    base64-js: ^1.0.2
    ieee754: ^1.1.4
  checksum: e18fdf099c25cae354d673c7deee0391978bde5a47b785cf81e118c75853f0f36838b0a5ea5ee7adf8c02eedb9664292608efdcac9945f4f4f514d14054656f7
  languageName: node
  linkType: hard

"cacheable-lookup@npm:^5.0.3":
  version: 5.0.3
  resolution: "cacheable-lookup@npm:5.0.3"
  checksum: a51e3ddb824865b87895a915fc41be6e2097b62932e5441c357711bb87ec23b0a738a7b7a5cefd9043dacd4ed31ca56b62528ec60ba020e360f07175b6ca5bfe
  languageName: node
  linkType: hard

"cacheable-request@npm:^7.0.1":
  version: 7.0.1
  resolution: "cacheable-request@npm:7.0.1"
  dependencies:
    clone-response: ^1.0.2
    get-stream: ^5.1.0
    http-cache-semantics: ^4.0.0
    keyv: ^4.0.0
    lowercase-keys: ^2.0.0
    normalize-url: ^4.1.0
    responselike: ^2.0.0
  checksum: fe0b6f3b8a145c98fecc00f0f1b13a9886cad9bf4537533c5568cba19db81c8ee09ace9c61967d5a4e72615e174d771b6b8080c3816f0b74fc6f9c69060c3ff0
  languageName: node
  linkType: hard

"camelcase-keys@npm:^6.2.2":
  version: 6.2.2
  resolution: "camelcase-keys@npm:6.2.2"
  dependencies:
    camelcase: ^5.3.1
    map-obj: ^4.0.0
    quick-lru: ^4.0.1
  checksum: d4bd5fa5249127be0f5b1aa961da3a9de7d0a578d9524c5013f21c0ed345637eaa1e42bab28a75bbfc8511911ffb30fec4191a9efcec52741c1a3402dc38dd53
  languageName: node
  linkType: hard

"camelcase@npm:^5.0.0, camelcase@npm:^5.3.1":
  version: 5.3.1
  resolution: "camelcase@npm:5.3.1"
  checksum: 6a3350c4ea8ab6e5109e0b443cfaf43dc40abfad7b2d79dcafbbafbe9b6b4059b4365b17ad822e24cf08e6627c1ffb65a9651d05cef9fcc6f64b6a0c2f327feb
  languageName: node
  linkType: hard

"camelcase@npm:^6.0.0":
  version: 6.0.0
  resolution: "camelcase@npm:6.0.0"
  checksum: d92305180bc2041141cc0c889ee54d14f90b16365dc7c01eabe6d54e913eb8011313f98dde3025ae11f0003b601ba320f56ee56db476c64060cf2305bf7f6f2a
  languageName: node
  linkType: hard

"chalk@npm:^2.0.0":
  version: 2.4.2
  resolution: "chalk@npm:2.4.2"
  dependencies:
    ansi-styles: ^3.2.1
    escape-string-regexp: ^1.0.5
    supports-color: ^5.3.0
  checksum: 22c7b7b5bc761c882bb6516454a1a671923f1c53ff972860065aa0b28a195f230163c1d46ee88bcc7a03e5539177d896457d8bc727de7f244c6e87032743038e
  languageName: node
  linkType: hard

"cids@npm:~0.7.0":
  version: 0.7.5
  resolution: "cids@npm:0.7.5"
  dependencies:
    buffer: ^5.5.0
    class-is: ^1.1.0
    multibase: ~0.6.0
    multicodec: ^1.0.0
    multihashes: ~0.4.15
  checksum: 8e19dde8d5f9a9900c3823b61c83ee1f0af1ba71c5694a06aa1d79f4e5e1aa9439dff0bc8ccd3e80f1bc09078457a0d212db90aebd8982c8fd4b142d22567eb6
  languageName: node
  linkType: hard

"cids@npm:~0.8.0":
  version: 0.8.3
  resolution: "cids@npm:0.8.3"
  dependencies:
    buffer: ^5.6.0
    class-is: ^1.1.0
    multibase: ^1.0.0
    multicodec: ^1.0.1
    multihashes: ^1.0.1
  checksum: 11139e4c978eb97d24ec3e80642337b65deee574a98690ea0cdd0861c437c6c18af431d36f56dd433ece7ce6793c8bd6ab71b28630375c7598aed7a4931cc01c
  languageName: node
  linkType: hard

"class-is@npm:^1.1.0":
  version: 1.1.0
  resolution: "class-is@npm:1.1.0"
  checksum: 1d9f1764fc86d0624b542f4a0cdcf842bec97d957d4f7eb87439b95b3ba0065e852c9ded902064785e1bb776537f62135c025b89fbd8b8852ae8463bde277ccd
  languageName: node
  linkType: hard

"clone-response@npm:^1.0.2":
  version: 1.0.2
  resolution: "clone-response@npm:1.0.2"
  dependencies:
    mimic-response: ^1.0.0
  checksum: 71832f9219f2682b0915bdbc0dd187ba8e63d16b0af5342b44f97b34afe9400a1f528a253dd2f70a8dd8b23bfa4c4e106928fcc520fa5899d769af95e4cce53c
  languageName: node
  linkType: hard

"color-convert@npm:^1.9.0":
  version: 1.9.3
  resolution: "color-convert@npm:1.9.3"
  dependencies:
    color-name: 1.1.3
  checksum: 5f244daa3d1fe1f216d48878c550465067d15268688308554e613b7640a068f96588096d51f0b98b68f15d6ff6bb8ad24e172582ac8c0ad43fa4d3da60fd1b79
  languageName: node
  linkType: hard

"color-name@npm:1.1.3":
  version: 1.1.3
  resolution: "color-name@npm:1.1.3"
  checksum: d8b91bb90aefc05b6ff568cf8889566dcc6269824df6f3c9b8ca842b18d7f4d089c07dc166808d33f22092d4a79167aa56a96a5ff0d21efab548bf44614db43b
  languageName: node
  linkType: hard

"combined-stream@npm:^1.0.6":
  version: 1.0.8
  resolution: "combined-stream@npm:1.0.8"
  dependencies:
    delayed-stream: ~1.0.0
  checksum: 5791ce7944530f0db74a97e77ea28b6fdbf89afcf038e41d6b4195019c4c803cd19ed2905a54959e5b3830d50bd5d6f93c681c6d3aaea8614ad43b48e62e9d65
  languageName: node
  linkType: hard

"debug@npm:=3.1.0":
  version: 3.1.0
  resolution: "debug@npm:3.1.0"
  dependencies:
    ms: 2.0.0
  checksum: 1295acd5e0531761255661d325cd0a80ac8c5f6de8942a53bb23c2197ccb97526972de662ed0e5d9393be83f3428a298a6e7185ecb02f0da6282019cd2ffb4a8
  languageName: node
  linkType: hard

"decamelize-keys@npm:^1.1.0":
  version: 1.1.0
  resolution: "decamelize-keys@npm:1.1.0"
  dependencies:
    decamelize: ^1.1.0
    map-obj: ^1.0.0
  checksum: dbfe6d594810ef134f8e3b8aa1684c854187a225999a0c3871b8c32d8fda886d1832b79b952a53e9557be17a78ec0198b6c26a5a5a35d012d6b18340a4dc6356
  languageName: node
  linkType: hard

"decamelize@npm:^1.1.0, decamelize@npm:^1.2.0":
  version: 1.2.0
  resolution: "decamelize@npm:1.2.0"
  checksum: 8ca9d03ea8ac07920f4504e219d18edff2491bdd0a3e05a1e5ca2e9a0bf6333564231de3528b01d5e76c40a38c37bbc1e09cb5a0424714f53dd615ed78ced464
  languageName: node
  linkType: hard

"decompress-response@npm:^6.0.0":
  version: 6.0.0
  resolution: "decompress-response@npm:6.0.0"
  dependencies:
    mimic-response: ^3.1.0
  checksum: bb8b8c42be7767994764d27f91a3949e3dc9008da82f1aaeab1de40f1ebb50d7abf17b31b2e4000f8d267a1e75f76052efd58d4419124c04bf430e184c164fad
  languageName: node
  linkType: hard

"defer-to-connect@npm:^2.0.0":
  version: 2.0.0
  resolution: "defer-to-connect@npm:2.0.0"
  checksum: 0453938bfce1c866263d0a4732ade8d69b1a39e27e073d3fbae9e0cc1c6a15a422c2fe5f90320465312ace6a01dbed4a2836755ac2a9519555e82d65141eabdc
  languageName: node
  linkType: hard

"delayed-stream@npm:~1.0.0":
  version: 1.0.0
  resolution: "delayed-stream@npm:1.0.0"
  checksum: d9dfb0a7c79fd308fada9db2cf29d1ff22047ceb50dd78f7e3c173567909b438f418259cb76a6d9c9f513e88ef41d3a14154f618741ec8368c3efeff616d0c9f
  languageName: node
  linkType: hard

"dnslink-cloudflare@npm:^3.0.0":
  version: 3.0.0
  resolution: "dnslink-cloudflare@npm:3.0.0"
  dependencies:
    got: ^11.5.1
    meow: ^7.0.1
  bin:
    dnslink-cloudflare: bin/index.js
  checksum: 2e5cb32440b7dcd564b2fd0cbe0e31ae39e15cb04e59efa0cee37270153e1b8784aaa01c257b023c3f6f33855a05eb20874cea6041b12f376e559e22908862fe
  languageName: node
  linkType: hard

"end-of-stream@npm:^1.1.0":
  version: 1.4.4
  resolution: "end-of-stream@npm:1.4.4"
  dependencies:
    once: ^1.4.0
  checksum: 7da60e458bdb5e16c006a45e85ef3bc1e3791db5ba275b0913258ccddc8899acb9252c4ddbcce87bd1b46e2a3f97315aafb9f0c0330e8aac44defb504a9d3ccd
  languageName: node
  linkType: hard

"error-ex@npm:^1.3.1":
  version: 1.3.2
  resolution: "error-ex@npm:1.3.2"
  dependencies:
    is-arrayish: ^0.2.1
  checksum: 6c6c9187429ae867d145bc64c682c7c137b1f8373a406dc3b605c0d92f15b85bfcea02b461dc55ae11b10d013377e1eaf3d469d2861b2f94703c743620a9c08c
  languageName: node
  linkType: hard

"escape-string-regexp@npm:^1.0.5":
  version: 1.0.5
  resolution: "escape-string-regexp@npm:1.0.5"
  checksum: f9484b8b4c8827d816e0fd905c25ed4b561376a9c220e1430403ea84619bf680c76a883a48cff8b8e091daf55d6a497e37479f9787b9f15f3c421b6054289744
  languageName: node
  linkType: hard

"find-up@npm:^4.1.0":
  version: 4.1.0
  resolution: "find-up@npm:4.1.0"
  dependencies:
    locate-path: ^5.0.0
    path-exists: ^4.0.0
  checksum: d612d28e02eaca6cd7128fc9bc9b456e2547a3f9875b2b2ae2dbdc6b8cec52bc2885efcb3ac6c18954e838f4c8e20565d196784b190e1d38565f9dc39aade722
  languageName: node
  linkType: hard

"follow-redirects@npm:1.5.10":
  version: 1.5.10
  resolution: "follow-redirects@npm:1.5.10"
  dependencies:
    debug: =3.1.0
  checksum: 6e58e02c31337b6b41ffc3d5f3d49920b7db428eddcf374537da00ef121fe473983e12d8557f4304287604168d3efcc288d1f009abaf4c9d61e5db0c0cee3c4a
  languageName: node
  linkType: hard

"form-data@npm:^2.3.3":
  version: 2.5.1
  resolution: "form-data@npm:2.5.1"
  dependencies:
    asynckit: ^0.4.0
    combined-stream: ^1.0.6
    mime-types: ^2.1.12
  checksum: c46ee9a14a8678b6e0dfafabc96e25237d9f11ced9c51cd371a2b3448f6a3f2fa684b3bbbb35911bae8f5448b3f3c48c73f7f2be791a4ae5aee0eb0ab3cdfec2
  languageName: node
  linkType: hard

"get-stream@npm:^5.1.0":
  version: 5.1.0
  resolution: "get-stream@npm:5.1.0"
  dependencies:
    pump: ^3.0.0
  checksum: 599dad0b6b9e41602c5a383d218e929209774e66bd3345d5ba6b87e305a16e5d4263936cab974804a30cfeebb1d9e6082f0dba4a463fcce0ba75b922b7c9d861
  languageName: node
  linkType: hard

"got@npm:^11.5.1":
  version: 11.5.1
  resolution: "got@npm:11.5.1"
  dependencies:
    "@sindresorhus/is": ^3.0.0
    "@szmarczak/http-timer": ^4.0.5
    "@types/cacheable-request": ^6.0.1
    "@types/responselike": ^1.0.0
    cacheable-lookup: ^5.0.3
    cacheable-request: ^7.0.1
    decompress-response: ^6.0.0
    http2-wrapper: ^1.0.0-beta.5.0
    lowercase-keys: ^2.0.0
    p-cancelable: ^2.0.0
    responselike: ^2.0.0
  checksum: a746db1245438bfcdf97f093070dfb7fd731d7ba2d4be8eb505504dfb83def90f977688fb9c0fda879e261d2b2b641e915dd895d9d93a44a388dfe622b8a749d
  languageName: node
  linkType: hard

"hard-rejection@npm:^2.1.0":
  version: 2.1.0
  resolution: "hard-rejection@npm:2.1.0"
  checksum: 27bc09d185ca8131356f0f3391ae5965c5ed8ec9eddf697d604e33c76eb995831e60ac636e5e5839587d0499f29719171c19d0af5fa12e9e7f7c0a1689e22b6f
  languageName: node
  linkType: hard

"has-flag@npm:^3.0.0":
  version: 3.0.0
  resolution: "has-flag@npm:3.0.0"
  checksum: 63aade480d27aeedb3b5b63a2e069d47d0006bf182338d662e7941cdc024e68a28418e0efa8dc5df30db9c4ee2407f39e6ea3f16cfbc6b83848b450826a28aa0
  languageName: node
  linkType: hard

"hosted-git-info@npm:^2.1.4":
  version: 2.8.8
  resolution: "hosted-git-info@npm:2.8.8"
  checksum: 3ecc389dc6ecbd5463fada7e04461e96f3c817fe2f989ca41e9dd3b503745a0bfa26fba405861b2831ca64edc1abc5d2fbc97ee977303f89650dac4fbfdc2d7a
  languageName: node
  linkType: hard

"http-cache-semantics@npm:^4.0.0":
  version: 4.1.0
  resolution: "http-cache-semantics@npm:4.1.0"
  checksum: 451df9784af2acbe0cc1fd70291285c08ca4a8966ab5ee4d3975e003d1ad4d74c81473086d628f31296b31221966fda8bc5ea1e29dd8f1f33f9fc2b0fdca65ca
  languageName: node
  linkType: hard

"http2-wrapper@npm:^1.0.0-beta.5.0":
  version: 1.0.0-beta.5.2
  resolution: "http2-wrapper@npm:1.0.0-beta.5.2"
  dependencies:
    quick-lru: ^5.1.1
    resolve-alpn: ^1.0.0
  checksum: 74db457c83d2cef5ea36e6a0a013a0a12b3fff575c4cabfc91c012b7335463d09ed3dba2d7e87babab4396a170df466730b1c13d92f99bbdd82b7aec99387683
  languageName: node
  linkType: hard

"ieee754@npm:^1.1.4":
  version: 1.1.13
  resolution: "ieee754@npm:1.1.13"
  checksum: 9ef12932e8aeae1c614f314783b3770fac5daae7ae92ebffcda97da58efd77c0289181093666f6048e02c566ceeec4d0edf3b04b57ce8e0b57e9b3814a870469
  languageName: node
  linkType: hard

"indent-string@npm:^4.0.0":
  version: 4.0.0
  resolution: "indent-string@npm:4.0.0"
  checksum: 3e54996c6e15ca00a7a4403be705bce4fb3bb4ac637da2e1473006e42a651863f53bfb8c3438c1b3aac77817768ac0cde0e7b7a81a6cf24a1286227a06510dbf
  languageName: node
  linkType: hard

"ip-regex@npm:^4.0.0":
  version: 4.1.0
  resolution: "ip-regex@npm:4.1.0"
  checksum: 139978134f6902430e4a09141d608ddfd4f4dcf2904c8db092bff7d7eaf446b3b0ed2581510ee1c34f764015fc930cfe2b46ebf5e96d85b1d76d5ea1f112b68a
  languageName: node
  linkType: hard

"is-arrayish@npm:^0.2.1":
  version: 0.2.1
  resolution: "is-arrayish@npm:0.2.1"
  checksum: fc2bbe14dbcb27b490e63b7fbf0e3b0aae843e5e1fa96d79450bb9617797615a575c78c454ffc8e027c3ad50d63d83e85a7387784979dcd46686d2eb5f412db0
  languageName: node
  linkType: hard

"is-buffer@npm:^2.0.2":
  version: 2.0.4
  resolution: "is-buffer@npm:2.0.4"
  checksum: cd1cbc19e5ad2f33284109210945606494bf1adbe775b157b18ffeeb98571187d5fd1dc3fcd36566f67b90a776e364262f496c8998f8f369694b68ad334f8655
  languageName: node
  linkType: hard

"is-ip@npm:^3.1.0":
  version: 3.1.0
  resolution: "is-ip@npm:3.1.0"
  dependencies:
    ip-regex: ^4.0.0
  checksum: 9929f2f33d46f85f1c603d360796e2ce97ac718ffa95611412c1959b59b839a8e7c8aa35e495812c9061ff3a23cab8a818ec54064fa2428c46f86d11114b289f
  languageName: node
  linkType: hard

"is-ipfs@npm:^0.6.0":
  version: 0.6.3
  resolution: "is-ipfs@npm:0.6.3"
  dependencies:
    bs58: ^4.0.1
    cids: ~0.7.0
    mafmt: ^7.0.0
    multiaddr: ^7.2.1
    multibase: ~0.6.0
    multihashes: ~0.4.13
  checksum: 0705cdcdb690b3a97903cffa8d72c076be99e55bcbaa43bd6d9a898c7403fedd5fcde99d037313eec5d5779852bd240f9f57844bf3c71ff0ba0cfce08ec74164
  languageName: node
  linkType: hard

"is-plain-obj@npm:^1.1.0":
  version: 1.1.0
  resolution: "is-plain-obj@npm:1.1.0"
  checksum: d2eb5a32eacd7c79f3b2fe20552d091805a5ae88a7ca2aa71226bf822e4d690ef046ed2beb795f32666a401dfbf9a25ee3d4acde5426f963d55474468708ad22
  languageName: node
  linkType: hard

"jacogr.info@workspace:.":
  version: 0.0.0-use.local
  resolution: "jacogr.info@workspace:."
  dependencies:
    "@pinata/sdk": ^1.1.10
    dnslink-cloudflare: ^3.0.0
  languageName: unknown
  linkType: soft

"js-tokens@npm:^4.0.0":
  version: 4.0.0
  resolution: "js-tokens@npm:4.0.0"
  checksum: 1fc4e4667ac2d972aba65148b9cbf9c17566b2394d3504238d8492bbd3e68f496c657eab06b26b40b17db5cac0a34d153a12130e2d2d2bb6dc2cdc8a4764eb1b
  languageName: node
  linkType: hard

"json-buffer@npm:3.0.1":
  version: 3.0.1
  resolution: "json-buffer@npm:3.0.1"
  checksum: 78011309cb53c19195702ece9e282c8c58d7facd8d6e286857fd4daf511f0bd93424498898d0b9ecfde6ab8e87a2ab0c0a654fba4b1a4ec81fa51f2c48a5ddba
  languageName: node
  linkType: hard

"json-parse-better-errors@npm:^1.0.1":
  version: 1.0.2
  resolution: "json-parse-better-errors@npm:1.0.2"
  checksum: b4c4f0e43b43892af887db742b26f9aa6302b09cd5f6e655ead49fca9f47f3cdd300dcf98cf5218778262be51d7b29859221206fc98b87a1a61c5af7618dae89
  languageName: node
  linkType: hard

"keyv@npm:^4.0.0":
  version: 4.0.1
  resolution: "keyv@npm:4.0.1"
  dependencies:
    json-buffer: 3.0.1
  checksum: f4e65024a7451942c28dc7b813d1788b4279f9e9415c8f611d4c0f3d90162207900fa90fff0c56db94f3bab01054ad31b813958d0f9f76984e33dd62c4da2d72
  languageName: node
  linkType: hard

"kind-of@npm:^6.0.3":
  version: 6.0.3
  resolution: "kind-of@npm:6.0.3"
  checksum: 5de5d6577796af87a983199d6350ed41c670abec4a306cc43ca887c1afdbd6b89af9ab00016e3ca17eb7ad89ebfd9bb817d33baa89f855c6c95398a8b8abbf08
  languageName: node
  linkType: hard

"lines-and-columns@npm:^1.1.6":
  version: 1.1.6
  resolution: "lines-and-columns@npm:1.1.6"
  checksum: 798b80ed7ae3fba34d43fe29591ccb4f16f6fca1da4e1f9922b92264b91d931012433c248daf8e44caa74feb40c0eaa0f27a14f8ee68b6ffb425f3c3f785af27
  languageName: node
  linkType: hard

"locate-path@npm:^5.0.0":
  version: 5.0.0
  resolution: "locate-path@npm:5.0.0"
  dependencies:
    p-locate: ^4.1.0
  checksum: c58f49d45c8672d0a290dea0ce41fcb27205b3f2d61452ba335ef3b42ad36c10c31b1f061b46d96dd4b81e9a00e8a2897bc124d75623b80a9f6d36b1e754a6b5
  languageName: node
  linkType: hard

"lowercase-keys@npm:^2.0.0":
  version: 2.0.0
  resolution: "lowercase-keys@npm:2.0.0"
  checksum: 4da67f41865a25360bb05749a66a83c60987c7efa0b8ec443941a19978c21ba916ae9fedca25b96fc652026c4264a437d3fec099d1949716b5483eec42395ec9
  languageName: node
  linkType: hard

"mafmt@npm:^7.0.0":
  version: 7.1.0
  resolution: "mafmt@npm:7.1.0"
  dependencies:
    multiaddr: ^7.3.0
  checksum: 83d4aa33ebe555fdd38cf019b75a5653d2860ea557edd91b20ee08b1de981bd50c28c05afd20d145251fb81510b5e78b3424d3a28ee99026a7769c7a75f66a07
  languageName: node
  linkType: hard

"map-obj@npm:^1.0.0":
  version: 1.0.1
  resolution: "map-obj@npm:1.0.1"
  checksum: e68b20e4fa76efdbba9a7af05b879eb7a6c5ccb7a9d813796de825da4c182fc3dab66f4b2a32a9aefae83db152a0172deb1e19a9c2322c6d412b8f9f81ca51a4
  languageName: node
  linkType: hard

"map-obj@npm:^4.0.0":
  version: 4.1.0
  resolution: "map-obj@npm:4.1.0"
  checksum: 91827cab5aa21840605cb5e77c8cabd3089251f95f939419a7208c29fb6b1032006d8b2ad9d407c91b6e0a9e282105c1811eabd750df87f8b55ae758f87c2063
  languageName: node
  linkType: hard

"meow@npm:^7.0.1":
  version: 7.0.1
  resolution: "meow@npm:7.0.1"
  dependencies:
    "@types/minimist": ^1.2.0
    arrify: ^2.0.1
    camelcase: ^6.0.0
    camelcase-keys: ^6.2.2
    decamelize-keys: ^1.1.0
    hard-rejection: ^2.1.0
    minimist-options: ^4.0.2
    normalize-package-data: ^2.5.0
    read-pkg-up: ^7.0.1
    redent: ^3.0.0
    trim-newlines: ^3.0.0
    type-fest: ^0.13.1
    yargs-parser: ^18.1.3
  checksum: a14153d1ac9e5d10e59e4d75b117261fa216ffbdfeaecc9b4f96a56d32de2b426f774dc53e8a079e21816b834c6c41969a78f15711b627d13fed0fdd1b9f8906
  languageName: node
  linkType: hard

"mime-db@npm:1.44.0":
  version: 1.44.0
  resolution: "mime-db@npm:1.44.0"
  checksum: b4e3b2141418572fba9786f7e36324faef15e23032ad0871f56760cb304ee721ba4c8cc795d3c1cac69a2a8b94045c1d6b08c4a8d1ef6ba1226a3a5193915c57
  languageName: node
  linkType: hard

"mime-types@npm:^2.1.12":
  version: 2.1.27
  resolution: "mime-types@npm:2.1.27"
  dependencies:
    mime-db: 1.44.0
  checksum: 51fe2f2c08c10ac7a2f67e2ce5de30f6500faa88d095418a1ab6e90e30960db7c682a8ecce60d3d4e293ac52c4700ca99399833db998ea9ec83d6f0503b70a94
  languageName: node
  linkType: hard

"mimic-response@npm:^1.0.0":
  version: 1.0.1
  resolution: "mimic-response@npm:1.0.1"
  checksum: 64b43c717ed8710bc920576e96d38d0e504e9eec3114af8e00c9e3d7ae53cd459ee38febb0badc83e3a4e6d21cd571db43e9011f8cf014809989c87a1a9f0ea4
  languageName: node
  linkType: hard

"mimic-response@npm:^3.1.0":
  version: 3.1.0
  resolution: "mimic-response@npm:3.1.0"
  checksum: cfbf19f66de6ad46df7481d9e8c1a7f30b6fa77dd771ad4a72a0443265041a39768182bde6d1de39001c2774168635bc74f42902e401c8ba33db55d69b773004
  languageName: node
  linkType: hard

"min-indent@npm:^1.0.0":
  version: 1.0.1
  resolution: "min-indent@npm:1.0.1"
  checksum: c3aeea46bc432e6ce69b86717e98fbb544e338abb5e3c93cfa196c427e3d5a4a6ee4f76e6931a9e424fb53e83451b90fc417ce7db04440a92d68369704ad11d1
  languageName: node
  linkType: hard

"minimist-options@npm:^4.0.2":
  version: 4.1.0
  resolution: "minimist-options@npm:4.1.0"
  dependencies:
    arrify: ^1.0.1
    is-plain-obj: ^1.1.0
    kind-of: ^6.0.3
  checksum: 51f1aba56f9c2c2986d85c98a29abec26c632019abd2966a151029cf2cf0903d81894781460e0d5755d4f899bb3884bc86fc9af36ab31469a38d82cf74f4f651
  languageName: node
  linkType: hard

"ms@npm:2.0.0":
  version: 2.0.0
  resolution: "ms@npm:2.0.0"
  checksum: 1a230340cc7f322fbe916783d8c8d60455407c6b7fb7f901d6ee34eb272402302c5c7f070a97b8531245cbb4ca6a0a623f6a128d7e5a5440cefa2c669c0b35bb
  languageName: node
  linkType: hard

"multiaddr@npm:^7.2.1, multiaddr@npm:^7.3.0":
  version: 7.5.0
  resolution: "multiaddr@npm:7.5.0"
  dependencies:
    buffer: ^5.5.0
    cids: ~0.8.0
    class-is: ^1.1.0
    is-ip: ^3.1.0
    multibase: ^0.7.0
    varint: ^5.0.0
  checksum: ac55d7b7e0ce033f4ebdaa49bad804aa10900f3e6acee4e070e95eaa8efe34117efd92141f196f4eef63e3bc6a9900a534ef27af4e0f562e4888a02207297a20
  languageName: node
  linkType: hard

"multibase@npm:^0.7.0":
  version: 0.7.0
  resolution: "multibase@npm:0.7.0"
  dependencies:
    base-x: ^3.0.8
    buffer: ^5.5.0
  checksum: 4acc18629a12f8cbe781d4896d457d6da72133cc1e8b3bf2520e3fb1f7cc17d6146a9605bf561d5d3608dd3c9253f431e4efac19bad360cbf642f118fa88d73a
  languageName: node
  linkType: hard

"multibase@npm:^1.0.0, multibase@npm:^1.0.1":
  version: 1.0.1
  resolution: "multibase@npm:1.0.1"
  dependencies:
    base-x: ^3.0.8
    buffer: ^5.5.0
  checksum: 61aedfdf01e5b2fc7b6dbb74adc24869f1ef80349239e6818d3dfc1b1dc5c737b4d2fa6765f74d68e9b3ac03f64ccff084e1fe8f30a91b0811d2e5db21086caa
  languageName: node
  linkType: hard

"multibase@npm:~0.6.0":
  version: 0.6.1
  resolution: "multibase@npm:0.6.1"
  dependencies:
    base-x: ^3.0.8
    buffer: ^5.5.0
  checksum: 22087b1bbbf4059202e866a1341f245b93bbca0316f31aa5ae6d932d2f82328bbe5bee93bb2c6895258bed653064b9c8ca3f98832c9139738201e9ad8587491d
  languageName: node
  linkType: hard

"multicodec@npm:^1.0.0, multicodec@npm:^1.0.1":
  version: 1.0.4
  resolution: "multicodec@npm:1.0.4"
  dependencies:
    buffer: ^5.6.0
    varint: ^5.0.0
  checksum: aedec568e5dc662d3d02eb938207e08e1c69eaddf683efc902f15d1910e7acf1c349edc2f6b1edc995ecf777f7a9a30245ef9ab1b05e05f4f83268760eca060c
  languageName: node
  linkType: hard

"multihashes@npm:^1.0.1":
  version: 1.0.1
  resolution: "multihashes@npm:1.0.1"
  dependencies:
    buffer: ^5.6.0
    multibase: ^1.0.1
    varint: ^5.0.0
  checksum: 35e92d7110f27879fffdf1c57a5af2acb37e5962d6a49a55ec5327f140640c41bed53207897c72752510e31ac9ae5cdcfdf405f3e948ff7262e3893492007840
  languageName: node
  linkType: hard

"multihashes@npm:~0.4.13, multihashes@npm:~0.4.15":
  version: 0.4.21
  resolution: "multihashes@npm:0.4.21"
  dependencies:
    buffer: ^5.5.0
    multibase: ^0.7.0
    varint: ^5.0.0
  checksum: b950e045db982899f712ddfed7b3eb27b04576fa1a78bfd179e9dc86ded35823398d8cac6c3935f405b9a3cf2e8767022bd4287fb5e9d2b0fa6de098caa61323
  languageName: node
  linkType: hard

"normalize-package-data@npm:^2.5.0":
  version: 2.5.0
  resolution: "normalize-package-data@npm:2.5.0"
  dependencies:
    hosted-git-info: ^2.1.4
    resolve: ^1.10.0
    semver: 2 || 3 || 4 || 5
    validate-npm-package-license: ^3.0.1
  checksum: 97d4d6b061cab51425ddb05c38d126d7a1a2a6f2c9949bef2b5ad7ef19c005df12099ea442e4cb09190929b7770008f94f87b10342a66f739acf92a7ebb9d9f2
  languageName: node
  linkType: hard

"normalize-url@npm:^4.1.0":
  version: 4.5.0
  resolution: "normalize-url@npm:4.5.0"
  checksum: 09794941dbe5c7b91caf6f3cd1ae167c27f6d09793e4a03601a68b62de7e8ee9e5de21a246130cdbab98b01481de292f9556d492444a527648f9cf1220e4b0df
  languageName: node
  linkType: hard

"once@npm:^1.3.1, once@npm:^1.4.0":
  version: 1.4.0
  resolution: "once@npm:1.4.0"
  dependencies:
    wrappy: 1
  checksum: 57afc246536cf6494437f982b26475f22bee860f8b77ce8eb1543f42a8bffe04b2c66ddfea9a16cb25ccb80943f8ee4fc639367ef97b7a6a4f2672eb573963f5
  languageName: node
  linkType: hard

"p-cancelable@npm:^2.0.0":
  version: 2.0.0
  resolution: "p-cancelable@npm:2.0.0"
  checksum: 966065f056a116a1ca3b6c7064d4d27a65bc1740c25cc60729faa5deea385bbd0f2317aedabb8e64c0cfc3c6b2dafe7f3ea65c267373d6d9be1602af443b4f12
  languageName: node
  linkType: hard

"p-limit@npm:^2.2.0":
  version: 2.3.0
  resolution: "p-limit@npm:2.3.0"
  dependencies:
    p-try: ^2.0.0
  checksum: 5f20492a25c5f93fca2930dbbf41fa1bee46ef70eaa6b49ad1f7b963f309e599bc40507e0a3a531eee4bcd10fec4dd4a63291d0e3b2d84ac97d7403d43d271a9
  languageName: node
  linkType: hard

"p-locate@npm:^4.1.0":
  version: 4.1.0
  resolution: "p-locate@npm:4.1.0"
  dependencies:
    p-limit: ^2.2.0
  checksum: 57f9abef0b29f02ff88c0936a392c9a1fbdd08169e636e0d85b7407c108014d71578c0c6fe93fa49b5bf3857b20d6f16b96389e2b356f7f599d4d2150505844f
  languageName: node
  linkType: hard

"p-try@npm:^2.0.0":
  version: 2.2.0
  resolution: "p-try@npm:2.2.0"
  checksum: 20983f3765466c1ab617ed153cb53b70ac5df828d854a3334d185e20b37f436e9096f12bc1b7fc96d8908dc927a3685172d3d89e755774f57b7103460c54dcc5
  languageName: node
  linkType: hard

"parse-json@npm:^5.0.0":
  version: 5.0.0
  resolution: "parse-json@npm:5.0.0"
  dependencies:
    "@babel/code-frame": ^7.0.0
    error-ex: ^1.3.1
    json-parse-better-errors: ^1.0.1
    lines-and-columns: ^1.1.6
  checksum: 9c46eb0c388df4333eaa4feb996deae32f32ab447723abe48fdc6756bce863cf46009d56485fde0178bfe3ac9002ef0c3540ff4b278ad3ada2abc12186413eb8
  languageName: node
  linkType: hard

"path-exists@npm:^4.0.0":
  version: 4.0.0
  resolution: "path-exists@npm:4.0.0"
  checksum: 6ab15000c5bea4f3e6e6b651983276e27ee42907ea29f5bd68f0d5c425c22f1664ab53c355099723f59b0bfd31aa52d29ea499e1843bf62543e045698f4c77b2
  languageName: node
  linkType: hard

"path-parse@npm:^1.0.6":
  version: 1.0.6
  resolution: "path-parse@npm:1.0.6"
  checksum: 2eee4b93fb3ae13600e3fca18390d9933bbbcf725a624f6b8df020d87515a74872ff6c58072190d6dc75a5584a683dc6ae5c385ad4e4f4efb6e66af040d56c67
  languageName: node
  linkType: hard

"pump@npm:^3.0.0":
  version: 3.0.0
  resolution: "pump@npm:3.0.0"
  dependencies:
    end-of-stream: ^1.1.0
    once: ^1.3.1
  checksum: 5464d5cf6c6f083cc60cb45b074fb9a4a92ba4d3e0d89e9b2fa1906d8151fd3766784a426725ccf1af50d1c29963ac20b13829933549830e08a6704e3f95e08c
  languageName: node
  linkType: hard

"quick-lru@npm:^4.0.1":
  version: 4.0.1
  resolution: "quick-lru@npm:4.0.1"
  checksum: 91847e4b07453655f73513b96a3b49e3bb8bf37de1ce2075d44e5dddb2f08050c5dc858d97884d61618bb44487945880b4b481fe93e94a3622b43036f8b94e11
  languageName: node
  linkType: hard

"quick-lru@npm:^5.1.1":
  version: 5.1.1
  resolution: "quick-lru@npm:5.1.1"
  checksum: fafb2b2fa1a948d6f2e88d4a60571be70b316d9b0be857d24fba0ac28fc31acebf535b643fe968473d689f8c655bcb2a0e4da67912f571059a4e4eb15740b021
  languageName: node
  linkType: hard

"read-pkg-up@npm:^7.0.1":
  version: 7.0.1
  resolution: "read-pkg-up@npm:7.0.1"
  dependencies:
    find-up: ^4.1.0
    read-pkg: ^5.2.0
    type-fest: ^0.8.1
  checksum: b8f97cc1f8235ce752b10b7b6423b0460411b4a6046186de8980429bbad8709537a4d6fac6e35a97c8630d19bab29d9013644cc5296be2d5043db3e40094b0cc
  languageName: node
  linkType: hard

"read-pkg@npm:^5.2.0":
  version: 5.2.0
  resolution: "read-pkg@npm:5.2.0"
  dependencies:
    "@types/normalize-package-data": ^2.4.0
    normalize-package-data: ^2.5.0
    parse-json: ^5.0.0
    type-fest: ^0.6.0
  checksum: 641102f0955f64304f97ed388bfe3b7ce55d74b1ffe1be06be1ae75479ce4910aa7177460d1982af6963f80b293a25f25d593a52a4328d941fd9b7d89fde2dbf
  languageName: node
  linkType: hard

"recursive-fs@npm:^1.1.2":
  version: 1.1.2
  resolution: "recursive-fs@npm:1.1.2"
  bin:
    recursive-copy: ./bin/recursive-copy
    recursive-delete: ./bin/recursive-delete
  checksum: dd4bc1558f5985bc35a243b9601f94305137e44a1b2536837e7e00ce10024f0331d033dd029ab3002357680d51926849f9964c4d57eebf6ede7d195250f47710
  languageName: node
  linkType: hard

"redent@npm:^3.0.0":
  version: 3.0.0
  resolution: "redent@npm:3.0.0"
  dependencies:
    indent-string: ^4.0.0
    strip-indent: ^3.0.0
  checksum: 78c8aa0a1076f47e0e198bfc8a9aa7d4ae3163c6951bd5de1015e47661bba62ea36573337bbeb4b309b48cc71954edbe43ae4aa3163db1996a781b757c5c47d7
  languageName: node
  linkType: hard

"resolve-alpn@npm:^1.0.0":
  version: 1.0.0
  resolution: "resolve-alpn@npm:1.0.0"
  checksum: 17baee01c03a57cebd163aa5c9bd94f33646378bce8aa94c7a8d29fc0e1bf0807532bda3c36bb929511606633921d0f4a69e7fcc894cf02ad1c742e649b71673
  languageName: node
  linkType: hard

resolve@^1.10.0:
  version: 1.17.0
  resolution: "resolve@npm:1.17.0"
  dependencies:
    path-parse: ^1.0.6
  checksum: 5e3cdb8cf68c20b0c5edeb6505e7fab20c6776af0cae4b978836e557420aef7bb50acd25339bbb143b7f80533aa1988c7e827a0061aee9c237926a7d2c41f8d0
  languageName: node
  linkType: hard

"resolve@patch:resolve@^1.10.0#builtin<compat/resolve>":
  version: 1.17.0
  resolution: "resolve@patch:resolve@npm%3A1.17.0#builtin<compat/resolve>::version=1.17.0&hash=3388aa"
  dependencies:
    path-parse: ^1.0.6
  checksum: 4bcfb568860d0c361fd16c26b6fce429711138ff0de7dd353bdd73fcb5c7eede2f4602d40ccfa08ff45ec7ef9830845eab2021a46036af0a6e5b58bab1ff6399
  languageName: node
  linkType: hard

"responselike@npm:^2.0.0":
  version: 2.0.0
  resolution: "responselike@npm:2.0.0"
  dependencies:
    lowercase-keys: ^2.0.0
  checksum: 11d8225dd8bbbd2ab7482c2e54ff2618e346c7d785e66d2ff5da03d6eafa8b33c3a4c6d685324dccf06f36ee2695db9bd2579382548c2a7253d770204694a63d
  languageName: node
  linkType: hard

"safe-buffer@npm:^5.0.1":
  version: 5.2.1
  resolution: "safe-buffer@npm:5.2.1"
  checksum: 0bb57f0d8f9d1fa4fe35ad8a2db1f83a027d48f2822d59ede88fd5cd4ddad83c0b497213feb7a70fbf90597a70c5217f735b0eb1850df40ce9b4ae81dd22b3f9
  languageName: node
  linkType: hard

"semver@npm:2 || 3 || 4 || 5":
  version: 5.7.1
  resolution: "semver@npm:5.7.1"
  bin:
    semver: ./bin/semver
  checksum: 06ff0ed753ebf741b7602be8faad620d6e160a2cb3f61019d00d919c8bca141638aa23c34da779b8595afdc9faa3678bfbb5f60366b6a4f65f98cf86605bbcdb
  languageName: node
  linkType: hard

"spdx-correct@npm:^3.0.0":
  version: 3.1.1
  resolution: "spdx-correct@npm:3.1.1"
  dependencies:
    spdx-expression-parse: ^3.0.0
    spdx-license-ids: ^3.0.0
  checksum: f3413eb225ef9f13aa2ec05230ff7669bffad055a7f62ec85164dd27f00a9f1e19880554a8fa5350fc434764ff895836c207f98813511a0180b0e929581bfe01
  languageName: node
  linkType: hard

"spdx-exceptions@npm:^2.1.0":
  version: 2.3.0
  resolution: "spdx-exceptions@npm:2.3.0"
  checksum: 3cbd2498897dc384158666a9dd7435e3b42ece5da42fd967b218b790e248381d001ec77a676d13d1f4e8da317d97b7bc0ebf4fff37bfbb95923d49b024030c96
  languageName: node
  linkType: hard

"spdx-expression-parse@npm:^3.0.0":
  version: 3.0.1
  resolution: "spdx-expression-parse@npm:3.0.1"
  dependencies:
    spdx-exceptions: ^2.1.0
    spdx-license-ids: ^3.0.0
  checksum: f0211cada3fa7cd9db2243143fb0e66e28a46d72d8268f38ad2196aac49408d87892cda6e5600d43d6b05ed2707cb2f4148deb27b092aafabc50a67038f4cbf5
  languageName: node
  linkType: hard

"spdx-license-ids@npm:^3.0.0":
  version: 3.0.5
  resolution: "spdx-license-ids@npm:3.0.5"
  checksum: 4ff7c0615a3c69a195b206a425e6a633ccb24e680ac21f5464b249b57ebb5c3f356f84a8e713599758be69ee4a849319d7fce7041b69e29acd9d31daed3fb8eb
  languageName: node
  linkType: hard

"strip-indent@npm:^3.0.0":
  version: 3.0.0
  resolution: "strip-indent@npm:3.0.0"
  dependencies:
    min-indent: ^1.0.0
  checksum: 4a7860e94372753b90a48d032758464efbf194880880fd7636965b7137ae4af24ce77a43d223a602cac787e2e95214aaa2f2470a65986e3d6ffa0e1c3dd887f6
  languageName: node
  linkType: hard

"supports-color@npm:^5.3.0":
  version: 5.5.0
  resolution: "supports-color@npm:5.5.0"
  dependencies:
    has-flag: ^3.0.0
  checksum: edacee6425498440744c418be94b0660181aad2a1828bcf2be85c42bd385da2fd8b2b358d9b62b0c5b03ff5cd3e992458d7b8f879d9fb42f2201fe05a4848a29
  languageName: node
  linkType: hard

"trim-newlines@npm:^3.0.0":
  version: 3.0.0
  resolution: "trim-newlines@npm:3.0.0"
  checksum: 51bfbec0014ae58cdbf3c55e34cfe7f1a92a77d362990bb4cc8d6edf51f1c21f28b92e442adec3ef9cef69194b532b28c1a0a06d9ee78b2b0fd28d191a2b738e
  languageName: node
  linkType: hard

"type-fest@npm:^0.13.1":
  version: 0.13.1
  resolution: "type-fest@npm:0.13.1"
  checksum: 11acce4f34c75a838914bdc4a0133d2dd0864e313897471974880df82624159521bae691a6100ff99f93be2d0f8871ecdab18573d2c67e61905cf2f5cbfa52a6
  languageName: node
  linkType: hard

"type-fest@npm:^0.6.0":
  version: 0.6.0
  resolution: "type-fest@npm:0.6.0"
  checksum: c77f687caff9f8effffd6091fbdb57b8e7265213e067c34086d37dc6ac3b640abd3dd3921402a6ba9eb56621719c552ae5e91d183d1e6d075f9aff859a347f00
  languageName: node
  linkType: hard

"type-fest@npm:^0.8.1":
  version: 0.8.1
  resolution: "type-fest@npm:0.8.1"
  checksum: f8c4b4249f52e8bea7a4fc55b3653c96c2d547240e4c772e001d02b7cc38b8c3eb493ab9fbe985a76a203cd1aa7044776b728a71ba12bf36e7131f989597885b
  languageName: node
  linkType: hard

"validate-npm-package-license@npm:^3.0.1":
  version: 3.0.4
  resolution: "validate-npm-package-license@npm:3.0.4"
  dependencies:
    spdx-correct: ^3.0.0
    spdx-expression-parse: ^3.0.0
  checksum: 940899bd4eacfa012ceecb10a5814ba0e8103da5243aa74d0d62f1f8a405efcd23e034fb7193e2d05b392870c53aabcb1f66439b062075cdcb28bc5d562a8ff6
  languageName: node
  linkType: hard

"varint@npm:^5.0.0":
  version: 5.0.0
  resolution: "varint@npm:5.0.0"
  checksum: eda6358f842a3d7724580e55ad35e6ca88fb0ea5a6b1387ba99ed16ab47adcd6f67021d585dc6a1b316082317e69597811d4cf9a7d2c44681f15dcf654575b68
  languageName: node
  linkType: hard

"wrappy@npm:1":
  version: 1.0.2
  resolution: "wrappy@npm:1.0.2"
  checksum: 519fcda0fcdf0c16327be2de9d98646742307bc830277e8868529fcf7566f2b330a6453c233e0cdcb767d5838dd61a90984a02ecc983bcddebea5ad0833bbf98
  languageName: node
  linkType: hard

"yargs-parser@npm:^18.1.3":
  version: 18.1.3
  resolution: "yargs-parser@npm:18.1.3"
  dependencies:
    camelcase: ^5.0.0
    decamelize: ^1.2.0
  checksum: 33871721679053cc38165afc6356c06c3e820459589b5db78f315886105070eb90cbb583cd6515fa4231937d60c80262ca2b7c486d5942576802446318a39597
  languageName: node
  linkType: hard
